
Microsoft Visual Studio Solution File, Format Version 12.00
# Visual Studio Version 17
VisualStudioVersion = 17.4.33403.182
MinimumVisualStudioVersion = 10.0.40219.1
Project("{FAE04EC0-301F-11D3-BF4B-00C04F79EFBC}") = "sdparm", "sdparm\sdparm.csproj", "{767D0BB8-D0E3-47E0-BE24-BF29C2FB5158}"
EndProject
Global
	GlobalSection(SolutionConfigurationPlatforms) = preSolution
		Debug|Any CPU = Debug|Any CPU
		Release|Any CPU = Release|Any CPU
	EndGlobalSection
	GlobalSection(ProjectConfigurationPlatforms) = postSolution
		{767D0BB8-D0E3-47E0-BE24-BF29C2FB5158}.Debug|Any CPU.ActiveCfg = Debug|Any CPU
		{767D0BB8-D0E3-47E0-BE24-BF29C2FB5158}.Debug|Any CPU.Build.0 = Debug|Any CPU
		{767D0BB8-D0E3-47E0-BE24-BF29C2FB5158}.Release|Any CPU.ActiveCfg = Release|Any CPU
		{767D0BB8-D0E3-47E0-BE24-BF29C2FB5158}.Release|Any CPU.Build.0 = Release|Any CPU
	EndGlobalSection
	GlobalSection(SolutionProperties) = preSolution
		HideSolutionNode = FALSE
	EndGlobalSection
	GlobalSection(ExtensibilityGlobals) = postSolution
		SolutionGuid = {B55B6169-7F99-4A7E-9D32-4BDA70F7DFBF}
	EndGlobalSection
EndGlobal
